Microsoft Visual Studio Solution File, Format Version 11.00
# Visual Studio 2008

Project("{F1F71BF6-47B4-2190-FDEE-8A206AADA236}") = "Unity Camera", "Assembly-CSharp.csproj", "{6836DD2E-EE62-5811-631C-745404CBD766}"
EndProject
Project("{F1F71BF6-47B4-2190-FDEE-8A206AADA236}") = "Unity Camera", "Assembly-UnityScript.unityproj", "{CAAAA67E-96B4-7D40-37D3-3E8B543F797B}"
EndProject
Global
	GlobalSection(SolutionConfigurationPlatforms) = preSolution
		Debug|Any CPU = Debug|Any CPU
		Release|Any CPU = Release|Any CPU
	EndGlobalSection
	GlobalSection(ProjectConfigurationPlatforms) = postSolution
		{6836DD2E-EE62-5811-631C-745404CBD766}.Debug|Any CPU.ActiveCfg = Debug|Any CPU
		{6836DD2E-EE62-5811-631C-745404CBD766}.Debug|Any CPU.Build.0 = Debug|Any CPU
		{6836DD2E-EE62-5811-631C-745404CBD766}.Release|Any CPU.ActiveCfg = Release|Any CPU
		{6836DD2E-EE62-5811-631C-745404CBD766}.Release|Any CPU.Build.0 = Release|Any CPU
		{CAAAA67E-96B4-7D40-37D3-3E8B543F797B}.Debug|Any CPU.ActiveCfg = Debug|Any CPU
		{CAAAA67E-96B4-7D40-37D3-3E8B543F797B}.Debug|Any CPU.Build.0 = Debug|Any CPU
		{CAAAA67E-96B4-7D40-37D3-3E8B543F797B}.Release|Any CPU.ActiveCfg = Release|Any CPU
		{CAAAA67E-96B4-7D40-37D3-3E8B543F797B}.Release|Any CPU.Build.0 = Release|Any CPU
	EndGlobalSection
	GlobalSection(SolutionProperties) = preSolution
		HideSolutionNode = FALSE
	EndGlobalSection
	GlobalSection(MonoDevelopProperties) = preSolution
		StartupItem = Assembly-CSharp.csproj
	EndGlobalSection
EndGlobal
